Microsoft Visual Studio Solution File, Format Version 8.00
Project("{8BC9CEB8-8B4A-11D0-8D11-00A0C91BC942}") = "ff_unrar", "ff_unrar.vcproj", "{82199D65-5E04-48FB-99B5-9396D55566AE}"
	ProjectSection(ProjectDependencies) = postProject
	EndProjectSection
EndProject
Global
	GlobalSection(DPCodeReviewSolutionGUID) = preSolution
		DPCodeReviewSolutionGUID = {00000000-0000-0000-0000-000000000000}
	EndGlobalSection
	GlobalSection(SolutionConfiguration) = preSolution
		Debug = Debug
		Release = Release
	EndGlobalSection
	GlobalSection(ProjectConfiguration) = postSolution
		{82199D65-5E04-48FB-99B5-9396D55566AE}.Debug.ActiveCfg = Debug|Win32
		{82199D65-5E04-48FB-99B5-9396D55566AE}.Debug.Build.0 = Debug|Win32
		{82199D65-5E04-48FB-99B5-9396D55566AE}.Release.ActiveCfg = Release|Win32
		{82199D65-5E04-48FB-99B5-9396D55566AE}.Release.Build.0 = Release|Win32
	EndGlobalSection
	GlobalSection(ExtensibilityGlobals) = postSolution
	EndGlobalSection
	GlobalSection(ExtensibilityAddIns) = postSolution
	EndGlobalSection
EndGlobal
