Microsoft Visual Studio Solution File, Format Version 10.00
# Visual Studio 2008
Project("{8BC9CEB8-8B4A-11D0-8D11-00A0C91BC942}") = "TomsMoComp_ff", "TomsMoComp_ff_2008.vcproj", "{864F0D43-412C-44DF-98AD-E8C24B230D5C}"
EndProject
Global
	GlobalSection(SolutionConfigurationPlatforms) = preSolution
		Debug|Win32 = Debug|Win32
		Debug|x64 = Debug|x64
		Release|Win32 = Release|Win32
		Release|x64 = Release|x64
	EndGlobalSection
	GlobalSection(ProjectConfigurationPlatforms) = postSolution
		{864F0D43-412C-44DF-98AD-E8C24B230D5C}.Debug|Win32.ActiveCfg = Debug|Win32
		{864F0D43-412C-44DF-98AD-E8C24B230D5C}.Debug|Win32.Build.0 = Debug|Win32
		{864F0D43-412C-44DF-98AD-E8C24B230D5C}.Debug|x64.ActiveCfg = Debug|x64
		{864F0D43-412C-44DF-98AD-E8C24B230D5C}.Debug|x64.Build.0 = Debug|x64
		{864F0D43-412C-44DF-98AD-E8C24B230D5C}.Release|Win32.ActiveCfg = Release|Win32
		{864F0D43-412C-44DF-98AD-E8C24B230D5C}.Release|Win32.Build.0 = Release|Win32
		{864F0D43-412C-44DF-98AD-E8C24B230D5C}.Release|x64.ActiveCfg = Release|x64
		{864F0D43-412C-44DF-98AD-E8C24B230D5C}.Release|x64.Build.0 = Release|x64
	EndGlobalSection
	GlobalSection(SolutionProperties) = preSolution
		HideSolutionNode = FALSE
	EndGlobalSection
EndGlobal
