Microsoft Visual Studio Solution File, Format Version 8.00
Project("{8BC9CEB8-8B4A-11D0-8D11-00A0C91BC942}") = "TomsMoComp_ff", "TomsMoComp_ff.vcproj", "{A5CAE544-0EBC-4156-812A-C21B16CEC169}"
	ProjectSection(ProjectDependencies) = postProject
	EndProjectSection
EndProject
Global
	GlobalSection(SolutionConfiguration) = preSolution
		Debug = Debug
		Release = Release
	EndGlobalSection
	GlobalSection(ProjectConfiguration) = postSolution
		{A5CAE544-0EBC-4156-812A-C21B16CEC169}.Debug.ActiveCfg = Debug|Win32
		{A5CAE544-0EBC-4156-812A-C21B16CEC169}.Debug.Build.0 = Debug|Win32
		{A5CAE544-0EBC-4156-812A-C21B16CEC169}.Release.ActiveCfg = Release|Win32
		{A5CAE544-0EBC-4156-812A-C21B16CEC169}.Release.Build.0 = Release|Win32
	EndGlobalSection
	GlobalSection(ExtensibilityGlobals) = postSolution
	EndGlobalSection
	GlobalSection(ExtensibilityAddIns) = postSolution
	EndGlobalSection
EndGlobal
