Microsoft Visual Studio Solution File, Format Version 10.00
# Visual Studio 2008
Project("{8BC9CEB8-8B4A-11D0-8D11-00A0C91BC942}") = "ffdshow", "ffdshow_2008.vcproj", "{30A21C7F-035D-41E2-95BE-B4FFA5F5176B}"
	ProjectSection(ProjectDependencies) = postProject
		{59623010-E8D1-492B-B45D-DCB58582008B} = {59623010-E8D1-492B-B45D-DCB58582008B}
		{29432947-08F2-41AA-953F-47E45252DD57} = {29432947-08F2-41AA-953F-47E45252DD57}
		{82199D65-5E04-48FB-99B5-9396D55566AE} = {82199D65-5E04-48FB-99B5-9396D55566AE}
		{E2FBCE81-39C0-4D44-B4C5-0D5348998BC4} = {E2FBCE81-39C0-4D44-B4C5-0D5348998BC4}
		{7C4F2A8F-C1A6-4E75-AF26-285A1B70A066} = {7C4F2A8F-C1A6-4E75-AF26-285A1B70A066}
		{22DA8FA3-50B3-49A9-AFD0-19CAAC924C23} = {22DA8FA3-50B3-49A9-AFD0-19CAAC924C23}
		{B8000FD0-4A45-4D79-B320-1AFBE61C01C0} = {B8000FD0-4A45-4D79-B320-1AFBE61C01C0}
		{9687FAF7-4894-4D5A-A7B8-03EECF6E5F0B} = {9687FAF7-4894-4D5A-A7B8-03EECF6E5F0B}
		{BF29FAFC-7E71-4671-A2F8-D510EF5C0685} = {BF29FAFC-7E71-4671-A2F8-D510EF5C0685}
		{6E9D86FD-2C66-4D21-9463-EFCB20167B70} = {6E9D86FD-2C66-4D21-9463-EFCB20167B70}
	EndProjectSection
EndProject
Project("{8BC9CEB8-8B4A-11D0-8D11-00A0C91BC942}") = "ff_wmv9", "src\codecs\wmv9\ff_wmv9_2008.vcproj", "{22DA8FA3-50B3-49A9-AFD0-19CAAC924C23}"
EndProject
Project("{8BC9CEB8-8B4A-11D0-8D11-00A0C91BC942}") = "ff_libmad", "src\codecs\libmad\ff_libmad_2008.vcproj", "{B8000FD0-4A45-4D79-B320-1AFBE61C01C0}"
EndProject
Project("{8BC9CEB8-8B4A-11D0-8D11-00A0C91BC942}") = "makeAVIS", "makeAVIS\makeAVIS_2008.vcproj", "{5A4518FA-F2D9-4632-ACD3-85A7FCF91CE4}"
EndProject
Project("{8BC9CEB8-8B4A-11D0-8D11-00A0C91BC942}") = "ff_liba52", "src\codecs\liba52\ff_liba52_2008.vcproj", "{7C4F2A8F-C1A6-4E75-AF26-285A1B70A066}"
EndProject
Project("{8BC9CEB8-8B4A-11D0-8D11-00A0C91BC942}") = "ff_samplerate", "src\audioFilters\resample\libsamplerate\ff_samplerate_2008.vcproj", "{9687FAF7-4894-4D5A-A7B8-03EECF6E5F0B}"
EndProject
Project("{8BC9CEB8-8B4A-11D0-8D11-00A0C91BC942}") = "ff_libdts", "src\codecs\libdts\ff_libdts_2008.vcproj", "{29432947-08F2-41AA-953F-47E45252DD57}"
EndProject
Project("{8BC9CEB8-8B4A-11D0-8D11-00A0C91BC942}") = "ff_tremor", "src\codecs\tremor\ff_tremor_2008.vcproj", "{E2FBCE81-39C0-4D44-B4C5-0D5348998BC4}"
EndProject
Project("{8BC9CEB8-8B4A-11D0-8D11-00A0C91BC942}") = "ff_unrar", "unrar\ff_unrar_2008.vcproj", "{82199D65-5E04-48FB-99B5-9396D55566AE}"
EndProject
Project("{8BC9CEB8-8B4A-11D0-8D11-00A0C91BC942}") = "ffavisynth", "ffavisynth\ffavisynth_2008.vcproj", "{9C87D880-7BB9-4F92-8AA6-B513298CDE82}"
	ProjectSection(ProjectDependencies) = postProject
		{30A21C7F-035D-41E2-95BE-B4FFA5F5176B} = {30A21C7F-035D-41E2-95BE-B4FFA5F5176B}
	EndProjectSection
EndProject
Project("{8BC9CEB8-8B4A-11D0-8D11-00A0C91BC942}") = "ffvdub", "ffvdub\ffvdub_2008.vcproj", "{FC61766A-BC95-4F23-ACB0-D09AD463AA53}"
	ProjectSection(ProjectDependencies) = postProject
		{30A21C7F-035D-41E2-95BE-B4FFA5F5176B} = {30A21C7F-035D-41E2-95BE-B4FFA5F5176B}
	EndProjectSection
EndProject
Project("{8BC9CEB8-8B4A-11D0-8D11-00A0C91BC942}") = "FLT_ffdshow", "dscaler\FLT_ffdshow_2008.vcproj", "{F196E6C7-B12F-4F8E-BAB7-A448CBA0B278}"
	ProjectSection(ProjectDependencies) = postProject
		{30A21C7F-035D-41E2-95BE-B4FFA5F5176B} = {30A21C7F-035D-41E2-95BE-B4FFA5F5176B}
	EndProjectSection
EndProject
Project("{8BC9CEB8-8B4A-11D0-8D11-00A0C91BC942}") = "ff_vfw", "ffvfw\ff_vfw_2008.vcproj", "{1EBF3292-5911-4B07-A06C-E33A72CD62EB}"
	ProjectSection(ProjectDependencies) = postProject
		{30A21C7F-035D-41E2-95BE-B4FFA5F5176B} = {30A21C7F-035D-41E2-95BE-B4FFA5F5176B}
	EndProjectSection
EndProject
Project("{8BC9CEB8-8B4A-11D0-8D11-00A0C91BC942}") = "ff_acm", "ffacm\ff_acm_2008.vcproj", "{C1C425CE-7550-4592-B04C-154FAC46B4C2}"
	ProjectSection(ProjectDependencies) = postProject
		{30A21C7F-035D-41E2-95BE-B4FFA5F5176B} = {30A21C7F-035D-41E2-95BE-B4FFA5F5176B}
	EndProjectSection
EndProject
Project("{8BC9CEB8-8B4A-11D0-8D11-00A0C91BC942}") = "ffdshow_all", "ffdshow_all_2008.vcproj", "{F49D9CEE-F57E-4283-945E-9F728BEBB21F}"
	ProjectSection(ProjectDependencies) = postProject
		{59623010-E8D1-492B-B45D-DCB58582008B} = {59623010-E8D1-492B-B45D-DCB58582008B}
		{29432947-08F2-41AA-953F-47E45252DD57} = {29432947-08F2-41AA-953F-47E45252DD57}
		{82199D65-5E04-48FB-99B5-9396D55566AE} = {82199D65-5E04-48FB-99B5-9396D55566AE}
		{FC61766A-BC95-4F23-ACB0-D09AD463AA53} = {FC61766A-BC95-4F23-ACB0-D09AD463AA53}
		{30A21C7F-035D-41E2-95BE-B4FFA5F5176B} = {30A21C7F-035D-41E2-95BE-B4FFA5F5176B}
		{9C87D880-7BB9-4F92-8AA6-B513298CDE82} = {9C87D880-7BB9-4F92-8AA6-B513298CDE82}
		{E2FBCE81-39C0-4D44-B4C5-0D5348998BC4} = {E2FBCE81-39C0-4D44-B4C5-0D5348998BC4}
		{7C4F2A8F-C1A6-4E75-AF26-285A1B70A066} = {7C4F2A8F-C1A6-4E75-AF26-285A1B70A066}
		{1EBF3292-5911-4B07-A06C-E33A72CD62EB} = {1EBF3292-5911-4B07-A06C-E33A72CD62EB}
		{22DA8FA3-50B3-49A9-AFD0-19CAAC924C23} = {22DA8FA3-50B3-49A9-AFD0-19CAAC924C23}
		{F196E6C7-B12F-4F8E-BAB7-A448CBA0B278} = {F196E6C7-B12F-4F8E-BAB7-A448CBA0B278}
		{C1C425CE-7550-4592-B04C-154FAC46B4C2} = {C1C425CE-7550-4592-B04C-154FAC46B4C2}
		{B8000FD0-4A45-4D79-B320-1AFBE61C01C0} = {B8000FD0-4A45-4D79-B320-1AFBE61C01C0}
		{9687FAF7-4894-4D5A-A7B8-03EECF6E5F0B} = {9687FAF7-4894-4D5A-A7B8-03EECF6E5F0B}
		{5A4518FA-F2D9-4632-ACD3-85A7FCF91CE4} = {5A4518FA-F2D9-4632-ACD3-85A7FCF91CE4}
		{BF29FAFC-7E71-4671-A2F8-D510EF5C0685} = {BF29FAFC-7E71-4671-A2F8-D510EF5C0685}
		{6E9D86FD-2C66-4D21-9463-EFCB20167B70} = {6E9D86FD-2C66-4D21-9463-EFCB20167B70}
	EndProjectSection
EndProject
Project("{8BC9CEB8-8B4A-11D0-8D11-00A0C91BC942}") = "ff_realaac", "src\codecs\realaac\ff_realaac_2008.vcproj", "{59623010-E8D1-492B-B45D-DCB58582008B}"
EndProject
Project("{8BC9CEB8-8B4A-11D0-8D11-00A0C91BC942}") = "verinc", "verinc\verinc_2008.vcproj", "{6E9D86FD-2C66-4D21-9463-EFCB20167B70}"
EndProject
Project("{8BC9CEB8-8B4A-11D0-8D11-00A0C91BC942}") = "ff_libfaad2", "src\codecs\faad\ff_libfaad2_2008.vcproj", "{BF29FAFC-7E71-4671-A2F8-D510EF5C0685}"
EndProject
Global
	GlobalSection(SolutionConfigurationPlatforms) = preSolution
		Debug Unicode|Win32 = Debug Unicode|Win32
		Debug Unicode|x64 = Debug Unicode|x64
		Debug|Win32 = Debug|Win32
		Debug|x64 = Debug|x64
		Release Unicode|Win32 = Release Unicode|Win32
		Release Unicode|x64 = Release Unicode|x64
		Release|Win32 = Release|Win32
		Release|x64 = Release|x64
	EndGlobalSection
	GlobalSection(ProjectConfigurationPlatforms) = postSolution
		{30A21C7F-035D-41E2-95BE-B4FFA5F5176B}.Debug Unicode|Win32.ActiveCfg = Debug Unicode|Win32
		{30A21C7F-035D-41E2-95BE-B4FFA5F5176B}.Debug Unicode|Win32.Build.0 = Debug Unicode|Win32
		{30A21C7F-035D-41E2-95BE-B4FFA5F5176B}.Debug Unicode|x64.ActiveCfg = Debug Unicode|x64
		{30A21C7F-035D-41E2-95BE-B4FFA5F5176B}.Debug Unicode|x64.Build.0 = Debug Unicode|x64
		{30A21C7F-035D-41E2-95BE-B4FFA5F5176B}.Debug|Win32.ActiveCfg = Debug Unicode|Win32
		{30A21C7F-035D-41E2-95BE-B4FFA5F5176B}.Debug|Win32.Build.0 = Debug Unicode|Win32
		{30A21C7F-035D-41E2-95BE-B4FFA5F5176B}.Debug|x64.ActiveCfg = Debug Unicode|x64
		{30A21C7F-035D-41E2-95BE-B4FFA5F5176B}.Debug|x64.Build.0 = Debug Unicode|x64
		{30A21C7F-035D-41E2-95BE-B4FFA5F5176B}.Release Unicode|Win32.ActiveCfg = Release Unicode|Win32
		{30A21C7F-035D-41E2-95BE-B4FFA5F5176B}.Release Unicode|Win32.Build.0 = Release Unicode|Win32
		{30A21C7F-035D-41E2-95BE-B4FFA5F5176B}.Release Unicode|x64.ActiveCfg = Release Unicode|x64
		{30A21C7F-035D-41E2-95BE-B4FFA5F5176B}.Release Unicode|x64.Build.0 = Release Unicode|x64
		{30A21C7F-035D-41E2-95BE-B4FFA5F5176B}.Release|Win32.ActiveCfg = Release Unicode|Win32
		{30A21C7F-035D-41E2-95BE-B4FFA5F5176B}.Release|Win32.Build.0 = Release Unicode|Win32
		{30A21C7F-035D-41E2-95BE-B4FFA5F5176B}.Release|x64.ActiveCfg = Release Unicode|x64
		{30A21C7F-035D-41E2-95BE-B4FFA5F5176B}.Release|x64.Build.0 = Release Unicode|x64
		{22DA8FA3-50B3-49A9-AFD0-19CAAC924C23}.Debug Unicode|Win32.ActiveCfg = Debug Unicode|Win32
		{22DA8FA3-50B3-49A9-AFD0-19CAAC924C23}.Debug Unicode|Win32.Build.0 = Debug Unicode|Win32
		{22DA8FA3-50B3-49A9-AFD0-19CAAC924C23}.Debug Unicode|x64.ActiveCfg = Debug Unicode|x64
		{22DA8FA3-50B3-49A9-AFD0-19CAAC924C23}.Debug Unicode|x64.Build.0 = Debug Unicode|x64
		{22DA8FA3-50B3-49A9-AFD0-19CAAC924C23}.Debug|Win32.ActiveCfg = Debug Unicode|Win32
		{22DA8FA3-50B3-49A9-AFD0-19CAAC924C23}.Debug|Win32.Build.0 = Debug Unicode|Win32
		{22DA8FA3-50B3-49A9-AFD0-19CAAC924C23}.Debug|x64.ActiveCfg = Debug Unicode|x64
		{22DA8FA3-50B3-49A9-AFD0-19CAAC924C23}.Debug|x64.Build.0 = Debug Unicode|x64
		{22DA8FA3-50B3-49A9-AFD0-19CAAC924C23}.Release Unicode|Win32.ActiveCfg = Release Unicode|Win32
		{22DA8FA3-50B3-49A9-AFD0-19CAAC924C23}.Release Unicode|Win32.Build.0 = Release Unicode|Win32
		{22DA8FA3-50B3-49A9-AFD0-19CAAC924C23}.Release Unicode|x64.ActiveCfg = Release Unicode|x64
		{22DA8FA3-50B3-49A9-AFD0-19CAAC924C23}.Release Unicode|x64.Build.0 = Release Unicode|x64
		{22DA8FA3-50B3-49A9-AFD0-19CAAC924C23}.Release|Win32.ActiveCfg = Release Unicode|Win32
		{22DA8FA3-50B3-49A9-AFD0-19CAAC924C23}.Release|Win32.Build.0 = Release Unicode|Win32
		{22DA8FA3-50B3-49A9-AFD0-19CAAC924C23}.Release|x64.ActiveCfg = Release Unicode|x64
		{22DA8FA3-50B3-49A9-AFD0-19CAAC924C23}.Release|x64.Build.0 = Release Unicode|x64
		{B8000FD0-4A45-4D79-B320-1AFBE61C01C0}.Debug Unicode|Win32.ActiveCfg = Debug|Win32
		{B8000FD0-4A45-4D79-B320-1AFBE61C01C0}.Debug Unicode|Win32.Build.0 = Debug|Win32
		{B8000FD0-4A45-4D79-B320-1AFBE61C01C0}.Debug Unicode|x64.ActiveCfg = Debug|x64
		{B8000FD0-4A45-4D79-B320-1AFBE61C01C0}.Debug Unicode|x64.Build.0 = Debug|x64
		{B8000FD0-4A45-4D79-B320-1AFBE61C01C0}.Debug|Win32.ActiveCfg = Debug|Win32
		{B8000FD0-4A45-4D79-B320-1AFBE61C01C0}.Debug|Win32.Build.0 = Debug|Win32
		{B8000FD0-4A45-4D79-B320-1AFBE61C01C0}.Debug|x64.ActiveCfg = Debug|x64
		{B8000FD0-4A45-4D79-B320-1AFBE61C01C0}.Debug|x64.Build.0 = Debug|x64
		{B8000FD0-4A45-4D79-B320-1AFBE61C01C0}.Release Unicode|Win32.ActiveCfg = Release|Win32
		{B8000FD0-4A45-4D79-B320-1AFBE61C01C0}.Release Unicode|Win32.Build.0 = Release|Win32
		{B8000FD0-4A45-4D79-B320-1AFBE61C01C0}.Release Unicode|x64.ActiveCfg = Release|x64
		{B8000FD0-4A45-4D79-B320-1AFBE61C01C0}.Release Unicode|x64.Build.0 = Release|x64
		{B8000FD0-4A45-4D79-B320-1AFBE61C01C0}.Release|Win32.ActiveCfg = Release|Win32
		{B8000FD0-4A45-4D79-B320-1AFBE61C01C0}.Release|Win32.Build.0 = Release|Win32
		{B8000FD0-4A45-4D79-B320-1AFBE61C01C0}.Release|x64.ActiveCfg = Release|x64
		{B8000FD0-4A45-4D79-B320-1AFBE61C01C0}.Release|x64.Build.0 = Release|x64
		{5A4518FA-F2D9-4632-ACD3-85A7FCF91CE4}.Debug Unicode|Win32.ActiveCfg = Debug|Win32
		{5A4518FA-F2D9-4632-ACD3-85A7FCF91CE4}.Debug Unicode|Win32.Build.0 = Debug|Win32
		{5A4518FA-F2D9-4632-ACD3-85A7FCF91CE4}.Debug Unicode|x64.ActiveCfg = Debug|x64
		{5A4518FA-F2D9-4632-ACD3-85A7FCF91CE4}.Debug Unicode|x64.Build.0 = Debug|x64
		{5A4518FA-F2D9-4632-ACD3-85A7FCF91CE4}.Debug|Win32.ActiveCfg = Debug|Win32
		{5A4518FA-F2D9-4632-ACD3-85A7FCF91CE4}.Debug|Win32.Build.0 = Debug|Win32
		{5A4518FA-F2D9-4632-ACD3-85A7FCF91CE4}.Debug|x64.ActiveCfg = Debug|x64
		{5A4518FA-F2D9-4632-ACD3-85A7FCF91CE4}.Debug|x64.Build.0 = Debug|x64
		{5A4518FA-F2D9-4632-ACD3-85A7FCF91CE4}.Release Unicode|Win32.ActiveCfg = Release|Win32
		{5A4518FA-F2D9-4632-ACD3-85A7FCF91CE4}.Release Unicode|Win32.Build.0 = Release|Win32
		{5A4518FA-F2D9-4632-ACD3-85A7FCF91CE4}.Release Unicode|x64.ActiveCfg = Release|x64
		{5A4518FA-F2D9-4632-ACD3-85A7FCF91CE4}.Release Unicode|x64.Build.0 = Release|x64
		{5A4518FA-F2D9-4632-ACD3-85A7FCF91CE4}.Release|Win32.ActiveCfg = Release|Win32
		{5A4518FA-F2D9-4632-ACD3-85A7FCF91CE4}.Release|Win32.Build.0 = Release|Win32
		{5A4518FA-F2D9-4632-ACD3-85A7FCF91CE4}.Release|x64.ActiveCfg = Release|x64
		{5A4518FA-F2D9-4632-ACD3-85A7FCF91CE4}.Release|x64.Build.0 = Release|x64
		{7C4F2A8F-C1A6-4E75-AF26-285A1B70A066}.Debug Unicode|Win32.ActiveCfg = Debug|Win32
		{7C4F2A8F-C1A6-4E75-AF26-285A1B70A066}.Debug Unicode|Win32.Build.0 = Debug|Win32
		{7C4F2A8F-C1A6-4E75-AF26-285A1B70A066}.Debug Unicode|x64.ActiveCfg = Debug|x64
		{7C4F2A8F-C1A6-4E75-AF26-285A1B70A066}.Debug Unicode|x64.Build.0 = Debug|x64
		{7C4F2A8F-C1A6-4E75-AF26-285A1B70A066}.Debug|Win32.ActiveCfg = Debug|Win32
		{7C4F2A8F-C1A6-4E75-AF26-285A1B70A066}.Debug|Win32.Build.0 = Debug|Win32
		{7C4F2A8F-C1A6-4E75-AF26-285A1B70A066}.Debug|x64.ActiveCfg = Debug|x64
		{7C4F2A8F-C1A6-4E75-AF26-285A1B70A066}.Debug|x64.Build.0 = Debug|x64
		{7C4F2A8F-C1A6-4E75-AF26-285A1B70A066}.Release Unicode|Win32.ActiveCfg = Release|Win32
		{7C4F2A8F-C1A6-4E75-AF26-285A1B70A066}.Release Unicode|Win32.Build.0 = Release|Win32
		{7C4F2A8F-C1A6-4E75-AF26-285A1B70A066}.Release Unicode|x64.ActiveCfg = Release|x64
		{7C4F2A8F-C1A6-4E75-AF26-285A1B70A066}.Release Unicode|x64.Build.0 = Release|x64
		{7C4F2A8F-C1A6-4E75-AF26-285A1B70A066}.Release|Win32.ActiveCfg = Release|Win32
		{7C4F2A8F-C1A6-4E75-AF26-285A1B70A066}.Release|Win32.Build.0 = Release|Win32
		{7C4F2A8F-C1A6-4E75-AF26-285A1B70A066}.Release|x64.ActiveCfg = Release|x64
		{7C4F2A8F-C1A6-4E75-AF26-285A1B70A066}.Release|x64.Build.0 = Release|x64
		{9687FAF7-4894-4D5A-A7B8-03EECF6E5F0B}.Debug Unicode|Win32.ActiveCfg = Debug|Win32
		{9687FAF7-4894-4D5A-A7B8-03EECF6E5F0B}.Debug Unicode|Win32.Build.0 = Debug|Win32
		{9687FAF7-4894-4D5A-A7B8-03EECF6E5F0B}.Debug Unicode|x64.ActiveCfg = Debug|x64
		{9687FAF7-4894-4D5A-A7B8-03EECF6E5F0B}.Debug Unicode|x64.Build.0 = Debug|x64
		{9687FAF7-4894-4D5A-A7B8-03EECF6E5F0B}.Debug|Win32.ActiveCfg = Debug|Win32
		{9687FAF7-4894-4D5A-A7B8-03EECF6E5F0B}.Debug|Win32.Build.0 = Debug|Win32
		{9687FAF7-4894-4D5A-A7B8-03EECF6E5F0B}.Debug|x64.ActiveCfg = Debug|x64
		{9687FAF7-4894-4D5A-A7B8-03EECF6E5F0B}.Debug|x64.Build.0 = Debug|x64
		{9687FAF7-4894-4D5A-A7B8-03EECF6E5F0B}.Release Unicode|Win32.ActiveCfg = Release|Win32
		{9687FAF7-4894-4D5A-A7B8-03EECF6E5F0B}.Release Unicode|Win32.Build.0 = Release|Win32
		{9687FAF7-4894-4D5A-A7B8-03EECF6E5F0B}.Release Unicode|x64.ActiveCfg = Release|x64
		{9687FAF7-4894-4D5A-A7B8-03EECF6E5F0B}.Release Unicode|x64.Build.0 = Release|x64
		{9687FAF7-4894-4D5A-A7B8-03EECF6E5F0B}.Release|Win32.ActiveCfg = Release|Win32
		{9687FAF7-4894-4D5A-A7B8-03EECF6E5F0B}.Release|Win32.Build.0 = Release|Win32
		{9687FAF7-4894-4D5A-A7B8-03EECF6E5F0B}.Release|x64.ActiveCfg = Release|x64
		{9687FAF7-4894-4D5A-A7B8-03EECF6E5F0B}.Release|x64.Build.0 = Release|x64
		{29432947-08F2-41AA-953F-47E45252DD57}.Debug Unicode|Win32.ActiveCfg = Debug|Win32
		{29432947-08F2-41AA-953F-47E45252DD57}.Debug Unicode|Win32.Build.0 = Debug|Win32
		{29432947-08F2-41AA-953F-47E45252DD57}.Debug Unicode|x64.ActiveCfg = Debug|x64
		{29432947-08F2-41AA-953F-47E45252DD57}.Debug Unicode|x64.Build.0 = Debug|x64
		{29432947-08F2-41AA-953F-47E45252DD57}.Debug|Win32.ActiveCfg = Debug|Win32
		{29432947-08F2-41AA-953F-47E45252DD57}.Debug|Win32.Build.0 = Debug|Win32
		{29432947-08F2-41AA-953F-47E45252DD57}.Debug|x64.ActiveCfg = Debug|x64
		{29432947-08F2-41AA-953F-47E45252DD57}.Debug|x64.Build.0 = Debug|x64
		{29432947-08F2-41AA-953F-47E45252DD57}.Release Unicode|Win32.ActiveCfg = Release|Win32
		{29432947-08F2-41AA-953F-47E45252DD57}.Release Unicode|Win32.Build.0 = Release|Win32
		{29432947-08F2-41AA-953F-47E45252DD57}.Release Unicode|x64.ActiveCfg = Release|x64
		{29432947-08F2-41AA-953F-47E45252DD57}.Release Unicode|x64.Build.0 = Release|x64
		{29432947-08F2-41AA-953F-47E45252DD57}.Release|Win32.ActiveCfg = Release|Win32
		{29432947-08F2-41AA-953F-47E45252DD57}.Release|Win32.Build.0 = Release|Win32
		{29432947-08F2-41AA-953F-47E45252DD57}.Release|x64.ActiveCfg = Release|x64
		{29432947-08F2-41AA-953F-47E45252DD57}.Release|x64.Build.0 = Release|x64
		{E2FBCE81-39C0-4D44-B4C5-0D5348998BC4}.Debug Unicode|Win32.ActiveCfg = Debug|Win32
		{E2FBCE81-39C0-4D44-B4C5-0D5348998BC4}.Debug Unicode|Win32.Build.0 = Debug|Win32
		{E2FBCE81-39C0-4D44-B4C5-0D5348998BC4}.Debug Unicode|x64.ActiveCfg = Debug|x64
		{E2FBCE81-39C0-4D44-B4C5-0D5348998BC4}.Debug Unicode|x64.Build.0 = Debug|x64
		{E2FBCE81-39C0-4D44-B4C5-0D5348998BC4}.Debug|Win32.ActiveCfg = Debug|Win32
		{E2FBCE81-39C0-4D44-B4C5-0D5348998BC4}.Debug|Win32.Build.0 = Debug|Win32
		{E2FBCE81-39C0-4D44-B4C5-0D5348998BC4}.Debug|x64.ActiveCfg = Debug|x64
		{E2FBCE81-39C0-4D44-B4C5-0D5348998BC4}.Debug|x64.Build.0 = Debug|x64
		{E2FBCE81-39C0-4D44-B4C5-0D5348998BC4}.Release Unicode|Win32.ActiveCfg = Release|Win32
		{E2FBCE81-39C0-4D44-B4C5-0D5348998BC4}.Release Unicode|Win32.Build.0 = Release|Win32
		{E2FBCE81-39C0-4D44-B4C5-0D5348998BC4}.Release Unicode|x64.ActiveCfg = Release|x64
		{E2FBCE81-39C0-4D44-B4C5-0D5348998BC4}.Release Unicode|x64.Build.0 = Release|x64
		{E2FBCE81-39C0-4D44-B4C5-0D5348998BC4}.Release|Win32.ActiveCfg = Release|Win32
		{E2FBCE81-39C0-4D44-B4C5-0D5348998BC4}.Release|Win32.Build.0 = Release|Win32
		{E2FBCE81-39C0-4D44-B4C5-0D5348998BC4}.Release|x64.ActiveCfg = Release|x64
		{E2FBCE81-39C0-4D44-B4C5-0D5348998BC4}.Release|x64.Build.0 = Release|x64
		{82199D65-5E04-48FB-99B5-9396D55566AE}.Debug Unicode|Win32.ActiveCfg = Debug|Win32
		{82199D65-5E04-48FB-99B5-9396D55566AE}.Debug Unicode|Win32.Build.0 = Debug|Win32
		{82199D65-5E04-48FB-99B5-9396D55566AE}.Debug Unicode|x64.ActiveCfg = Debug|x64
		{82199D65-5E04-48FB-99B5-9396D55566AE}.Debug Unicode|x64.Build.0 = Debug|x64
		{82199D65-5E04-48FB-99B5-9396D55566AE}.Debug|Win32.ActiveCfg = Debug|Win32
		{82199D65-5E04-48FB-99B5-9396D55566AE}.Debug|Win32.Build.0 = Debug|Win32
		{82199D65-5E04-48FB-99B5-9396D55566AE}.Debug|x64.ActiveCfg = Debug|x64
		{82199D65-5E04-48FB-99B5-9396D55566AE}.Debug|x64.Build.0 = Debug|x64
		{82199D65-5E04-48FB-99B5-9396D55566AE}.Release Unicode|Win32.ActiveCfg = Release|Win32
		{82199D65-5E04-48FB-99B5-9396D55566AE}.Release Unicode|Win32.Build.0 = Release|Win32
		{82199D65-5E04-48FB-99B5-9396D55566AE}.Release Unicode|x64.ActiveCfg = Release|x64
		{82199D65-5E04-48FB-99B5-9396D55566AE}.Release Unicode|x64.Build.0 = Release|x64
		{82199D65-5E04-48FB-99B5-9396D55566AE}.Release|Win32.ActiveCfg = Release|Win32
		{82199D65-5E04-48FB-99B5-9396D55566AE}.Release|Win32.Build.0 = Release|Win32
		{82199D65-5E04-48FB-99B5-9396D55566AE}.Release|x64.ActiveCfg = Release|x64
		{82199D65-5E04-48FB-99B5-9396D55566AE}.Release|x64.Build.0 = Release|x64
		{9C87D880-7BB9-4F92-8AA6-B513298CDE82}.Debug Unicode|Win32.ActiveCfg = Debug|Win32
		{9C87D880-7BB9-4F92-8AA6-B513298CDE82}.Debug Unicode|Win32.Build.0 = Debug|Win32
		{9C87D880-7BB9-4F92-8AA6-B513298CDE82}.Debug Unicode|x64.ActiveCfg = Debug|x64
		{9C87D880-7BB9-4F92-8AA6-B513298CDE82}.Debug Unicode|x64.Build.0 = Debug|x64
		{9C87D880-7BB9-4F92-8AA6-B513298CDE82}.Debug|Win32.ActiveCfg = Debug|Win32
		{9C87D880-7BB9-4F92-8AA6-B513298CDE82}.Debug|Win32.Build.0 = Debug|Win32
		{9C87D880-7BB9-4F92-8AA6-B513298CDE82}.Debug|x64.ActiveCfg = Debug|x64
		{9C87D880-7BB9-4F92-8AA6-B513298CDE82}.Debug|x64.Build.0 = Debug|x64
		{9C87D880-7BB9-4F92-8AA6-B513298CDE82}.Release Unicode|Win32.ActiveCfg = Release|Win32
		{9C87D880-7BB9-4F92-8AA6-B513298CDE82}.Release Unicode|Win32.Build.0 = Release|Win32
		{9C87D880-7BB9-4F92-8AA6-B513298CDE82}.Release Unicode|x64.ActiveCfg = Release|x64
		{9C87D880-7BB9-4F92-8AA6-B513298CDE82}.Release Unicode|x64.Build.0 = Release|x64
		{9C87D880-7BB9-4F92-8AA6-B513298CDE82}.Release|Win32.ActiveCfg = Release|Win32
		{9C87D880-7BB9-4F92-8AA6-B513298CDE82}.Release|Win32.Build.0 = Release|Win32
		{9C87D880-7BB9-4F92-8AA6-B513298CDE82}.Release|x64.ActiveCfg = Release|x64
		{9C87D880-7BB9-4F92-8AA6-B513298CDE82}.Release|x64.Build.0 = Release|x64
		{FC61766A-BC95-4F23-ACB0-D09AD463AA53}.Debug Unicode|Win32.ActiveCfg = Debug|Win32
		{FC61766A-BC95-4F23-ACB0-D09AD463AA53}.Debug Unicode|Win32.Build.0 = Debug|Win32
		{FC61766A-BC95-4F23-ACB0-D09AD463AA53}.Debug Unicode|x64.ActiveCfg = Debug|x64
		{FC61766A-BC95-4F23-ACB0-D09AD463AA53}.Debug Unicode|x64.Build.0 = Debug|x64
		{FC61766A-BC95-4F23-ACB0-D09AD463AA53}.Debug|Win32.ActiveCfg = Debug|Win32
		{FC61766A-BC95-4F23-ACB0-D09AD463AA53}.Debug|Win32.Build.0 = Debug|Win32
		{FC61766A-BC95-4F23-ACB0-D09AD463AA53}.Debug|x64.ActiveCfg = Debug|x64
		{FC61766A-BC95-4F23-ACB0-D09AD463AA53}.Debug|x64.Build.0 = Debug|x64
		{FC61766A-BC95-4F23-ACB0-D09AD463AA53}.Release Unicode|Win32.ActiveCfg = Release|Win32
		{FC61766A-BC95-4F23-ACB0-D09AD463AA53}.Release Unicode|Win32.Build.0 = Release|Win32
		{FC61766A-BC95-4F23-ACB0-D09AD463AA53}.Release Unicode|x64.ActiveCfg = Release|x64
		{FC61766A-BC95-4F23-ACB0-D09AD463AA53}.Release Unicode|x64.Build.0 = Release|x64
		{FC61766A-BC95-4F23-ACB0-D09AD463AA53}.Release|Win32.ActiveCfg = Release|Win32
		{FC61766A-BC95-4F23-ACB0-D09AD463AA53}.Release|Win32.Build.0 = Release|Win32
		{FC61766A-BC95-4F23-ACB0-D09AD463AA53}.Release|x64.ActiveCfg = Release|x64
		{FC61766A-BC95-4F23-ACB0-D09AD463AA53}.Release|x64.Build.0 = Release|x64
		{F196E6C7-B12F-4F8E-BAB7-A448CBA0B278}.Debug Unicode|Win32.ActiveCfg = Debug|Win32
		{F196E6C7-B12F-4F8E-BAB7-A448CBA0B278}.Debug Unicode|Win32.Build.0 = Debug|Win32
		{F196E6C7-B12F-4F8E-BAB7-A448CBA0B278}.Debug Unicode|x64.ActiveCfg = Debug|x64
		{F196E6C7-B12F-4F8E-BAB7-A448CBA0B278}.Debug Unicode|x64.Build.0 = Debug|x64
		{F196E6C7-B12F-4F8E-BAB7-A448CBA0B278}.Debug|Win32.ActiveCfg = Debug|Win32
		{F196E6C7-B12F-4F8E-BAB7-A448CBA0B278}.Debug|Win32.Build.0 = Debug|Win32
		{F196E6C7-B12F-4F8E-BAB7-A448CBA0B278}.Debug|x64.ActiveCfg = Debug|x64
		{F196E6C7-B12F-4F8E-BAB7-A448CBA0B278}.Debug|x64.Build.0 = Debug|x64
		{F196E6C7-B12F-4F8E-BAB7-A448CBA0B278}.Release Unicode|Win32.ActiveCfg = Release|Win32
		{F196E6C7-B12F-4F8E-BAB7-A448CBA0B278}.Release Unicode|Win32.Build.0 = Release|Win32
		{F196E6C7-B12F-4F8E-BAB7-A448CBA0B278}.Release Unicode|x64.ActiveCfg = Release|x64
		{F196E6C7-B12F-4F8E-BAB7-A448CBA0B278}.Release Unicode|x64.Build.0 = Release|x64
		{F196E6C7-B12F-4F8E-BAB7-A448CBA0B278}.Release|Win32.ActiveCfg = Release|Win32
		{F196E6C7-B12F-4F8E-BAB7-A448CBA0B278}.Release|Win32.Build.0 = Release|Win32
		{F196E6C7-B12F-4F8E-BAB7-A448CBA0B278}.Release|x64.ActiveCfg = Release|x64
		{F196E6C7-B12F-4F8E-BAB7-A448CBA0B278}.Release|x64.Build.0 = Release|x64
		{1EBF3292-5911-4B07-A06C-E33A72CD62EB}.Debug Unicode|Win32.ActiveCfg = Debug|Win32
		{1EBF3292-5911-4B07-A06C-E33A72CD62EB}.Debug Unicode|Win32.Build.0 = Debug|Win32
		{1EBF3292-5911-4B07-A06C-E33A72CD62EB}.Debug Unicode|x64.ActiveCfg = Debug|x64
		{1EBF3292-5911-4B07-A06C-E33A72CD62EB}.Debug Unicode|x64.Build.0 = Debug|x64
		{1EBF3292-5911-4B07-A06C-E33A72CD62EB}.Debug|Win32.ActiveCfg = Debug|Win32
		{1EBF3292-5911-4B07-A06C-E33A72CD62EB}.Debug|Win32.Build.0 = Debug|Win32
		{1EBF3292-5911-4B07-A06C-E33A72CD62EB}.Debug|x64.ActiveCfg = Debug|x64
		{1EBF3292-5911-4B07-A06C-E33A72CD62EB}.Debug|x64.Build.0 = Debug|x64
		{1EBF3292-5911-4B07-A06C-E33A72CD62EB}.Release Unicode|Win32.ActiveCfg = Release|Win32
		{1EBF3292-5911-4B07-A06C-E33A72CD62EB}.Release Unicode|Win32.Build.0 = Release|Win32
		{1EBF3292-5911-4B07-A06C-E33A72CD62EB}.Release Unicode|x64.ActiveCfg = Release|x64
		{1EBF3292-5911-4B07-A06C-E33A72CD62EB}.Release Unicode|x64.Build.0 = Release|x64
		{1EBF3292-5911-4B07-A06C-E33A72CD62EB}.Release|Win32.ActiveCfg = Release|Win32
		{1EBF3292-5911-4B07-A06C-E33A72CD62EB}.Release|Win32.Build.0 = Release|Win32
		{1EBF3292-5911-4B07-A06C-E33A72CD62EB}.Release|x64.ActiveCfg = Release|x64
		{1EBF3292-5911-4B07-A06C-E33A72CD62EB}.Release|x64.Build.0 = Release|x64
		{C1C425CE-7550-4592-B04C-154FAC46B4C2}.Debug Unicode|Win32.ActiveCfg = Debug|Win32
		{C1C425CE-7550-4592-B04C-154FAC46B4C2}.Debug Unicode|Win32.Build.0 = Debug|Win32
		{C1C425CE-7550-4592-B04C-154FAC46B4C2}.Debug Unicode|x64.ActiveCfg = Debug|x64
		{C1C425CE-7550-4592-B04C-154FAC46B4C2}.Debug Unicode|x64.Build.0 = Debug|x64
		{C1C425CE-7550-4592-B04C-154FAC46B4C2}.Debug|Win32.ActiveCfg = Debug|Win32
		{C1C425CE-7550-4592-B04C-154FAC46B4C2}.Debug|Win32.Build.0 = Debug|Win32
		{C1C425CE-7550-4592-B04C-154FAC46B4C2}.Debug|x64.ActiveCfg = Debug|x64
		{C1C425CE-7550-4592-B04C-154FAC46B4C2}.Debug|x64.Build.0 = Debug|x64
		{C1C425CE-7550-4592-B04C-154FAC46B4C2}.Release Unicode|Win32.ActiveCfg = Release|Win32
		{C1C425CE-7550-4592-B04C-154FAC46B4C2}.Release Unicode|Win32.Build.0 = Release|Win32
		{C1C425CE-7550-4592-B04C-154FAC46B4C2}.Release Unicode|x64.ActiveCfg = Release|x64
		{C1C425CE-7550-4592-B04C-154FAC46B4C2}.Release Unicode|x64.Build.0 = Release|x64
		{C1C425CE-7550-4592-B04C-154FAC46B4C2}.Release|Win32.ActiveCfg = Release|Win32
		{C1C425CE-7550-4592-B04C-154FAC46B4C2}.Release|Win32.Build.0 = Release|Win32
		{C1C425CE-7550-4592-B04C-154FAC46B4C2}.Release|x64.ActiveCfg = Release|x64
		{C1C425CE-7550-4592-B04C-154FAC46B4C2}.Release|x64.Build.0 = Release|x64
		{F49D9CEE-F57E-4283-945E-9F728BEBB21F}.Debug Unicode|Win32.ActiveCfg = Debug|Win32
		{F49D9CEE-F57E-4283-945E-9F728BEBB21F}.Debug Unicode|Win32.Build.0 = Debug|Win32
		{F49D9CEE-F57E-4283-945E-9F728BEBB21F}.Debug Unicode|x64.ActiveCfg = Debug|x64
		{F49D9CEE-F57E-4283-945E-9F728BEBB21F}.Debug Unicode|x64.Build.0 = Debug|x64
		{F49D9CEE-F57E-4283-945E-9F728BEBB21F}.Debug|Win32.ActiveCfg = Debug|Win32
		{F49D9CEE-F57E-4283-945E-9F728BEBB21F}.Debug|Win32.Build.0 = Debug|Win32
		{F49D9CEE-F57E-4283-945E-9F728BEBB21F}.Debug|x64.ActiveCfg = Debug|x64
		{F49D9CEE-F57E-4283-945E-9F728BEBB21F}.Debug|x64.Build.0 = Debug|x64
		{F49D9CEE-F57E-4283-945E-9F728BEBB21F}.Release Unicode|Win32.ActiveCfg = Release|Win32
		{F49D9CEE-F57E-4283-945E-9F728BEBB21F}.Release Unicode|Win32.Build.0 = Release|Win32
		{F49D9CEE-F57E-4283-945E-9F728BEBB21F}.Release Unicode|x64.ActiveCfg = Release|x64
		{F49D9CEE-F57E-4283-945E-9F728BEBB21F}.Release Unicode|x64.Build.0 = Release|x64
		{F49D9CEE-F57E-4283-945E-9F728BEBB21F}.Release|Win32.ActiveCfg = Release|Win32
		{F49D9CEE-F57E-4283-945E-9F728BEBB21F}.Release|Win32.Build.0 = Release|Win32
		{F49D9CEE-F57E-4283-945E-9F728BEBB21F}.Release|x64.ActiveCfg = Release|x64
		{F49D9CEE-F57E-4283-945E-9F728BEBB21F}.Release|x64.Build.0 = Release|x64
		{59623010-E8D1-492B-B45D-DCB58582008B}.Debug Unicode|Win32.ActiveCfg = Debug|Win32
		{59623010-E8D1-492B-B45D-DCB58582008B}.Debug Unicode|Win32.Build.0 = Debug|Win32
		{59623010-E8D1-492B-B45D-DCB58582008B}.Debug Unicode|x64.ActiveCfg = Debug|x64
		{59623010-E8D1-492B-B45D-DCB58582008B}.Debug Unicode|x64.Build.0 = Debug|x64
		{59623010-E8D1-492B-B45D-DCB58582008B}.Debug|Win32.ActiveCfg = Debug|Win32
		{59623010-E8D1-492B-B45D-DCB58582008B}.Debug|Win32.Build.0 = Debug|Win32
		{59623010-E8D1-492B-B45D-DCB58582008B}.Debug|x64.ActiveCfg = Debug|x64
		{59623010-E8D1-492B-B45D-DCB58582008B}.Debug|x64.Build.0 = Debug|x64
		{59623010-E8D1-492B-B45D-DCB58582008B}.Release Unicode|Win32.ActiveCfg = Release|Win32
		{59623010-E8D1-492B-B45D-DCB58582008B}.Release Unicode|Win32.Build.0 = Release|Win32
		{59623010-E8D1-492B-B45D-DCB58582008B}.Release Unicode|x64.ActiveCfg = Release|x64
		{59623010-E8D1-492B-B45D-DCB58582008B}.Release Unicode|x64.Build.0 = Release|x64
		{59623010-E8D1-492B-B45D-DCB58582008B}.Release|Win32.ActiveCfg = Release|Win32
		{59623010-E8D1-492B-B45D-DCB58582008B}.Release|Win32.Build.0 = Release|Win32
		{59623010-E8D1-492B-B45D-DCB58582008B}.Release|x64.ActiveCfg = Release|x64
		{59623010-E8D1-492B-B45D-DCB58582008B}.Release|x64.Build.0 = Release|x64
		{6E9D86FD-2C66-4D21-9463-EFCB20167B70}.Debug Unicode|Win32.ActiveCfg = Debug|Win32
		{6E9D86FD-2C66-4D21-9463-EFCB20167B70}.Debug Unicode|Win32.Build.0 = Debug|Win32
		{6E9D86FD-2C66-4D21-9463-EFCB20167B70}.Debug Unicode|x64.ActiveCfg = Debug|Win32
		{6E9D86FD-2C66-4D21-9463-EFCB20167B70}.Debug Unicode|x64.Build.0 = Debug|Win32
		{6E9D86FD-2C66-4D21-9463-EFCB20167B70}.Debug|Win32.ActiveCfg = Debug|Win32
		{6E9D86FD-2C66-4D21-9463-EFCB20167B70}.Debug|Win32.Build.0 = Debug|Win32
		{6E9D86FD-2C66-4D21-9463-EFCB20167B70}.Debug|x64.ActiveCfg = Debug|Win32
		{6E9D86FD-2C66-4D21-9463-EFCB20167B70}.Release Unicode|Win32.ActiveCfg = Release|Win32
		{6E9D86FD-2C66-4D21-9463-EFCB20167B70}.Release Unicode|Win32.Build.0 = Release|Win32
		{6E9D86FD-2C66-4D21-9463-EFCB20167B70}.Release Unicode|x64.ActiveCfg = Release|Win32
		{6E9D86FD-2C66-4D21-9463-EFCB20167B70}.Release Unicode|x64.Build.0 = Release|Win32
		{6E9D86FD-2C66-4D21-9463-EFCB20167B70}.Release|Win32.ActiveCfg = Release|Win32
		{6E9D86FD-2C66-4D21-9463-EFCB20167B70}.Release|Win32.Build.0 = Release|Win32
		{6E9D86FD-2C66-4D21-9463-EFCB20167B70}.Release|x64.ActiveCfg = Release|Win32
		{BF29FAFC-7E71-4671-A2F8-D510EF5C0685}.Debug Unicode|Win32.ActiveCfg = Debug|Win32
		{BF29FAFC-7E71-4671-A2F8-D510EF5C0685}.Debug Unicode|Win32.Build.0 = Debug|Win32
		{BF29FAFC-7E71-4671-A2F8-D510EF5C0685}.Debug Unicode|x64.ActiveCfg = Debug|x64
		{BF29FAFC-7E71-4671-A2F8-D510EF5C0685}.Debug Unicode|x64.Build.0 = Debug|x64
		{BF29FAFC-7E71-4671-A2F8-D510EF5C0685}.Debug|Win32.ActiveCfg = Debug|Win32
		{BF29FAFC-7E71-4671-A2F8-D510EF5C0685}.Debug|Win32.Build.0 = Debug|Win32
		{BF29FAFC-7E71-4671-A2F8-D510EF5C0685}.Debug|x64.ActiveCfg = Debug|x64
		{BF29FAFC-7E71-4671-A2F8-D510EF5C0685}.Debug|x64.Build.0 = Debug|x64
		{BF29FAFC-7E71-4671-A2F8-D510EF5C0685}.Release Unicode|Win32.ActiveCfg = Release|Win32
		{BF29FAFC-7E71-4671-A2F8-D510EF5C0685}.Release Unicode|Win32.Build.0 = Release|Win32
		{BF29FAFC-7E71-4671-A2F8-D510EF5C0685}.Release Unicode|x64.ActiveCfg = Release|x64
		{BF29FAFC-7E71-4671-A2F8-D510EF5C0685}.Release Unicode|x64.Build.0 = Release|x64
		{BF29FAFC-7E71-4671-A2F8-D510EF5C0685}.Release|Win32.ActiveCfg = Release|Win32
		{BF29FAFC-7E71-4671-A2F8-D510EF5C0685}.Release|Win32.Build.0 = Release|Win32
		{BF29FAFC-7E71-4671-A2F8-D510EF5C0685}.Release|x64.ActiveCfg = Release|x64
		{BF29FAFC-7E71-4671-A2F8-D510EF5C0685}.Release|x64.Build.0 = Release|x64
	EndGlobalSection
	GlobalSection(SolutionProperties) = preSolution
		HideSolutionNode = FALSE
	EndGlobalSection
	GlobalSection(ExtensibilityGlobals) = postSolution
		DPBuild = 5
	EndGlobalSection
	GlobalSection(DPCodeReviewSolutionGUID) = preSolution
		DPCodeReviewSolutionGUID = {00000000-0000-0000-0000-000000000000}
	EndGlobalSection
EndGlobal
