Microsoft Visual Studio Solution File, Format Version 8.00
Project("{8BC9CEB8-8B4A-11D0-8D11-00A0C91BC942}") = "rebase", "rebase.vcproj", "{BA17CB30-A775-4F55-B1F2-E5D0B2C8CC84}"
	ProjectSection(ProjectDependencies) = postProject
	EndProjectSection
EndProject
Global
	GlobalSection(SolutionConfiguration) = preSolution
		Debug = Debug
		Release = Release
	EndGlobalSection
	GlobalSection(ProjectConfiguration) = postSolution
		{BA17CB30-A775-4F55-B1F2-E5D0B2C8CC84}.Debug.ActiveCfg = Debug|Win32
		{BA17CB30-A775-4F55-B1F2-E5D0B2C8CC84}.Debug.Build.0 = Debug|Win32
		{BA17CB30-A775-4F55-B1F2-E5D0B2C8CC84}.Release.ActiveCfg = Release|Win32
		{BA17CB30-A775-4F55-B1F2-E5D0B2C8CC84}.Release.Build.0 = Release|Win32
	EndGlobalSection
	GlobalSection(ExtensibilityGlobals) = postSolution
	EndGlobalSection
	GlobalSection(ExtensibilityAddIns) = postSolution
	EndGlobalSection
EndGlobal
