Microsoft Visual Studio Solution File, Format Version 10.00
# Visual Studio 2008
Project("{8BC9CEB8-8B4A-11D0-8D11-00A0C91BC942}") = "libmplayer", "libmplayer_2008.vcproj", "{76569356-593F-417E-A8C5-108FF3F364D9}"
EndProject
Global
	GlobalSection(SolutionConfigurationPlatforms) = preSolution
		Debug|Win32 = Debug|Win32
		Debug|x64 = Debug|x64
		Release|Win32 = Release|Win32
		Release|x64 = Release|x64
	EndGlobalSection
	GlobalSection(ProjectConfigurationPlatforms) = postSolution
		{76569356-593F-417E-A8C5-108FF3F364D9}.Debug|Win32.ActiveCfg = Debug|Win32
		{76569356-593F-417E-A8C5-108FF3F364D9}.Debug|Win32.Build.0 = Debug|Win32
		{76569356-593F-417E-A8C5-108FF3F364D9}.Debug|x64.ActiveCfg = Debug|x64
		{76569356-593F-417E-A8C5-108FF3F364D9}.Debug|x64.Build.0 = Debug|x64
		{76569356-593F-417E-A8C5-108FF3F364D9}.Release|Win32.ActiveCfg = Release|Win32
		{76569356-593F-417E-A8C5-108FF3F364D9}.Release|Win32.Build.0 = Release|Win32
		{76569356-593F-417E-A8C5-108FF3F364D9}.Release|x64.ActiveCfg = Release|x64
		{76569356-593F-417E-A8C5-108FF3F364D9}.Release|x64.Build.0 = Release|x64
	EndGlobalSection
	GlobalSection(SolutionProperties) = preSolution
		HideSolutionNode = FALSE
	EndGlobalSection
	GlobalSection(DPCodeReviewSolutionGUID) = preSolution
		DPCodeReviewSolutionGUID = {00000000-0000-0000-0000-000000000000}
	EndGlobalSection
EndGlobal
